
Microsoft Visual Studio Solution File, Format Version 12.00
# Visual Studio Version 17
VisualStudioVersion = 17.4.33110.190
MinimumVisualStudioVersion = 10.0.40219.1
Project("{FAE04EC0-301F-11D3-BF4B-00C04F79EFBC}") = "ConsoleApp2", "ConsoleApp2\ConsoleApp2.csproj", "{90D0CBDD-BF99-4956-8470-8779E4159AA9}"
EndProject
Global
	GlobalSection(SolutionConfigurationPlatforms) = preSolution
		Debug|Any CPU = Debug|Any CPU
		Release|Any CPU = Release|Any CPU
	EndGlobalSection
	GlobalSection(ProjectConfigurationPlatforms) = postSolution
		{90D0CBDD-BF99-4956-8470-8779E4159AA9}.Debug|Any CPU.ActiveCfg = Debug|Any CPU
		{90D0CBDD-BF99-4956-8470-8779E4159AA9}.Debug|Any CPU.Build.0 = Debug|Any CPU
		{90D0CBDD-BF99-4956-8470-8779E4159AA9}.Release|Any CPU.ActiveCfg = Release|Any CPU
		{90D0CBDD-BF99-4956-8470-8779E4159AA9}.Release|Any CPU.Build.0 = Release|Any CPU
	EndGlobalSection
	GlobalSection(SolutionProperties) = preSolution
		HideSolutionNode = FALSE
	EndGlobalSection
	GlobalSection(ExtensibilityGlobals) = postSolution
		SolutionGuid = {BA7D2E61-BC5C-4C86-BCEA-C6AD6C85DAE5}
	EndGlobalSection
EndGlobal
